{
  "name": "dartis",
  "lockfileVersion": 3,
  "requires": true,
  "packages": {
    "": {
      "dependencies": {
        "html5-boilerplate": "^9.0.0",
        "jspreadsheet-ce": "^4.2.1"
      }
    },
    "node_modules/@jspreadsheet/formula": {
      "version": "2.0.2",
      "resolved": "https://registry.npmjs.org/@jspreadsheet/formula/-/formula-2.0.2.tgz",
      "integrity": "sha512-PDQYf9REQA53I7tVYkvkeyQxrd5jcjUeHgItYnRpjN2QiIQwawSqBDtGGEVQTSboTG+JwgGCuhvOpj7FxeKwew=="
    },
    "node_modules/html5-boilerplate": {
      "version": "9.0.0",
      "resolved": "https://registry.npmjs.org/html5-boilerplate/-/html5-boilerplate-9.0.0.tgz",
      "integrity": "sha512-hPYWh7F63/83bJ0oyum3UM5tfZmDy+vHvdCbbS0FgWKE2I8adKYnC7VLoJo/gzCI2c8TNuTOyuEGZRUobWlhSw==",
      "engines": {
        "node": ">=16",
        "npm": ">=8"
      }
    },
    "node_modules/jspreadsheet-ce": {
      "version": "4.2.1",
      "resolved": "https://registry.npmjs.org/jspreadsheet-ce/-/jspreadsheet-ce-4.2.1.tgz",
      "integrity": "sha512-kQ+bUwH0MEeyr3Ojdd+tB0BJik3NsnQlhC1E52uwrURvqBu3GnrDtRZZS3cAwtL0FzHBZDsJJB9afTdReBm6Hg==",
      "dependencies": {
        "@jspreadsheet/formula": "^2.0.2",
        "jsuites": "^5.3.0"
      }
    },
    "node_modules/jsuites": {
      "version": "5.4.3",
      "resolved": "https://registry.npmjs.org/jsuites/-/jsuites-5.4.3.tgz",
      "integrity": "sha512-tKeyQyvtlbAB9pHceRcZgUqWaWfZKNrU/V/6sj2DMxTtNSClRPAFjOQu2nOr4xF0BT78VbwDSl1F0jeuUT9IUw=="
    }
  }
}
